
Microsoft Visual Studio Solution File, Format Version 10.00
# Visual C++ Express 2008
Project("{8BC9CEB8-8B4A-11D0-8D11-00A0C91BC942}") = "Proyecto 1", "Proyecto 1\Proyecto 1.vcproj", "{6F2A166B-6494-4BE4-B524-7EF588B90468}"
EndProject
Global
	GlobalSection(SolutionConfigurationPlatforms) = preSolution
		Debug|Win32 = Debug|Win32
		Release|Win32 = Release|Win32
	EndGlobalSection
	GlobalSection(ProjectConfigurationPlatforms) = postSolution
		{6F2A166B-6494-4BE4-B524-7EF588B90468}.Debug|Win32.ActiveCfg = Debug|Win32
		{6F2A166B-6494-4BE4-B524-7EF588B90468}.Debug|Win32.Build.0 = Debug|Win32
		{6F2A166B-6494-4BE4-B524-7EF588B90468}.Release|Win32.ActiveCfg = Release|Win32
		{6F2A166B-6494-4BE4-B524-7EF588B90468}.Release|Win32.Build.0 = Release|Win32
	EndGlobalSection
	GlobalSection(SolutionProperties) = preSolution
		HideSolutionNode = FALSE
	EndGlobalSection
EndGlobal
